
Microsoft Visual Studio Solution File, Format Version 12.00
# Visual Studio Version 16
VisualStudioVersion = 16.0.32413.511
MinimumVisualStudioVersion = 10.0.40219.1
Project("{FAE04EC0-301F-11D3-BF4B-00C04F79EFBC}") = "Aplicação web back-end", "Aplicação web back-end\Aplicação web back-end.csproj", "{160669D5-954D-4579-8108-99BE9C2CBEA8}"
EndProject
Global
	GlobalSection(SolutionConfigurationPlatforms) = preSolution
		Debug|Any CPU = Debug|Any CPU
		Release|Any CPU = Release|Any CPU
	EndGlobalSection
	GlobalSection(ProjectConfigurationPlatforms) = postSolution
		{160669D5-954D-4579-8108-99BE9C2CBEA8}.Debug|Any CPU.ActiveCfg = Debug|Any CPU
		{160669D5-954D-4579-8108-99BE9C2CBEA8}.Debug|Any CPU.Build.0 = Debug|Any CPU
		{160669D5-954D-4579-8108-99BE9C2CBEA8}.Release|Any CPU.ActiveCfg = Release|Any CPU
		{160669D5-954D-4579-8108-99BE9C2CBEA8}.Release|Any CPU.Build.0 = Release|Any CPU
	EndGlobalSection
	GlobalSection(SolutionProperties) = preSolution
		HideSolutionNode = FALSE
	EndGlobalSection
	GlobalSection(ExtensibilityGlobals) = postSolution
		SolutionGuid = {883DD829-1B6C-4445-BD85-978804EBC23C}
	EndGlobalSection
EndGlobal
